
Microsoft Visual Studio Solution File, Format Version 12.00
# Visual Studio Version 17
VisualStudioVersion = 17.3.32929.385
MinimumVisualStudioVersion = 10.0.40219.1
Project("{FAE04EC0-301F-11D3-BF4B-00C04F79EFBC}") = "To-Do List", "To-Do List\To-Do List.csproj", "{6976B309-C78C-4501-A95D-EACA627B29F6}"
EndProject
Global
	GlobalSection(SolutionConfigurationPlatforms) = preSolution
		Debug|Any CPU = Debug|Any CPU
		Release|Any CPU = Release|Any CPU
	EndGlobalSection
	GlobalSection(ProjectConfigurationPlatforms) = postSolution
		{6976B309-C78C-4501-A95D-EACA627B29F6}.Debug|Any CPU.ActiveCfg = Debug|Any CPU
		{6976B309-C78C-4501-A95D-EACA627B29F6}.Debug|Any CPU.Build.0 = Debug|Any CPU
		{6976B309-C78C-4501-A95D-EACA627B29F6}.Release|Any CPU.ActiveCfg = Release|Any CPU
		{6976B309-C78C-4501-A95D-EACA627B29F6}.Release|Any CPU.Build.0 = Release|Any CPU
	EndGlobalSection
	GlobalSection(SolutionProperties) = preSolution
		HideSolutionNode = FALSE
	EndGlobalSection
	GlobalSection(ExtensibilityGlobals) = postSolution
		SolutionGuid = {8E41BC5A-477B-4EDC-A33B-55A6E663D92B}
	EndGlobalSection
EndGlobal
